{
  "requires": true,
  "lockfileVersion": 1,
  "dependencies": {
    "vue-color-picker-board": {
      "version": "1.1.1",
      "resolved": "https://registry.npmjs.org/vue-color-picker-board/-/vue-color-picker-board-1.1.1.tgz",
      "integrity": "sha512-r5XDbJ0MX6ZBLSofhtWhu1qyjfRRqc/QfZ8v5ZpSNCDYOfWnFoHqq8A8f5Ok5timlA0q9DvJJtNNWKYGti093w==",
      "dev": true
    }
  }
}
