{
  "requires": true,
  "lockfileVersion": 1,
  "dependencies": {
    "color-fns": {
      "version": "0.0.10",
      "resolved": "https://registry.npmjs.org/color-fns/-/color-fns-0.0.10.tgz",
      "integrity": "sha512-QFKowTE9CXCLp09Gz5cQo8VPUP55hf73iHEI52JC3NyKfMpQG2VoLWmTxYeTKH6ngkEnoMrCdEX//M6J4PVQBA=="
    },
    "verte": {
      "version": "0.0.10",
      "resolved": "https://registry.npmjs.org/verte/-/verte-0.0.10.tgz",
      "integrity": "sha512-h4PCDC8hvH9E+CmUx1K/xT2pZgdZ0oxpgaL23xkJD16jhXTU9c4B6h4RD/fBWeu9CURHgWf6+sf6E9m/wfKbuA==",
      "requires": {
        "color-fns": "^0.0.10"
      }
    }
  }
}
